
Microsoft Visual Studio Solution File, Format Version 12.00
# Visual Studio Version 17
VisualStudioVersion = 17.0.31903.59
MinimumVisualStudioVersion = 10.0.40219.1
Project("{FAE04EC0-301F-11D3-BF4B-00C04F79EFBC}") = "RobotSimulator", "RobotSimulator\RobotSimulator.csproj", "{3DF3F7FB-7FF3-45F5-8D6A-6B319E14BEE4}"
EndProject
Global
	GlobalSection(SolutionConfigurationPlatforms) = preSolution
		Debug|Any CPU = Debug|Any CPU
		Release|Any CPU = Release|Any CPU
	EndGlobalSection
	GlobalSection(SolutionProperties) = preSolution
		HideSolutionNode = FALSE
	EndGlobalSection
	GlobalSection(ProjectConfigurationPlatforms) = postSolution
		{3DF3F7FB-7FF3-45F5-8D6A-6B319E14BEE4}.Debug|Any CPU.ActiveCfg = Debug|Any CPU
		{3DF3F7FB-7FF3-45F5-8D6A-6B319E14BEE4}.Debug|Any CPU.Build.0 = Debug|Any CPU
		{3DF3F7FB-7FF3-45F5-8D6A-6B319E14BEE4}.Release|Any CPU.ActiveCfg = Release|Any CPU
		{3DF3F7FB-7FF3-45F5-8D6A-6B319E14BEE4}.Release|Any CPU.Build.0 = Release|Any CPU
	EndGlobalSection
EndGlobal
